// !$*UTF8*$!
{
	archiveVersion = 1;
	classes = {
	};
	objectVersion = 46;
	objects = {

/* Begin PBXBuildFile section */
		5705A537175531930011F689 /* Interface.cpp in Sources */ = {isa = PBXBuildFile; fileRef = 5705A535175531930011F689 /* Interface.cpp */; };
		5780D61F17535EAC00CA8B89 /* findEyeCenter.cpp in Sources */ = {isa = PBXBuildFile; fileRef = 5780D61A17535A2400CA8B89 /* findEyeCenter.cpp */; };
		5780D62017535EB000CA8B89 /* findEyeCorner.cpp in Sources */ = {isa = PBXBuildFile; fileRef = 5780D61C17535A2400CA8B89 /* findEyeCorner.cpp */; };
		5780D62317535EF700CA8B89 /* helpers.cpp in Sources */ = {isa = PBXBuildFile; fileRef = 5780D62117535EF700CA8B89 /* helpers.cpp */; };
		57D5276F17383F4100A31CE3 /* sokaris.1 in CopyFiles */ = {isa = PBXBuildFile; fileRef = 57D5276E17383F4100A31CE3 /* sokaris.1 */; };
		57D5277617383FEB00A31CE3 /* main.cpp in Sources */ = {isa = PBXBuildFile; fileRef = 57D5277517383FEB00A31CE3 /* main.cpp */; };
		57D52779173840E400A31CE3 /* Map.cpp in Sources */ = {isa = PBXBuildFile; fileRef = 57D52777173840E400A31CE3 /* Map.cpp */; };
		57D5277D1738434400A31CE3 /* Camera.cpp in Sources */ = {isa = PBXBuildFile; fileRef = 57D5277B1738434400A31CE3 /* Camera.cpp */; };
		57D527801738439D00A31CE3 /* Flux.cpp in Sources */ = {isa = PBXBuildFile; fileRef = 57D5277E1738439D00A31CE3 /* Flux.cpp */; };
		57D52783173843FB00A31CE3 /* Picture.cpp in Sources */ = {isa = PBXBuildFile; fileRef = 57D52781173843FB00A31CE3 /* Picture.cpp */; };
		57D52786173845EF00A31CE3 /* Person.cpp in Sources */ = {isa = PBXBuildFile; fileRef = 57D52784173845EF00A31CE3 /* Person.cpp */; };
		57D527891738468900A31CE3 /* Gaze.cpp in Sources */ = {isa = PBXBuildFile; fileRef = 57D527871738468900A31CE3 /* Gaze.cpp */; };
		57D5278C173846C700A31CE3 /* Process.cpp in Sources */ = {isa = PBXBuildFile; fileRef = 57D5278A173846C600A31CE3 /* Process.cpp */; };
		57D5278F173846E300A31CE3 /* Test.cpp in Sources */ = {isa = PBXBuildFile; fileRef = 57D5278D173846E300A31CE3 /* Test.cpp */; };
		57D527A31738499A00A31CE3 /* libopencv_calib3d.dylib in Frameworks */ = {isa = PBXBuildFile; fileRef = 57D527921738499A00A31CE3 /* libopencv_calib3d.dylib */; };
		57D527A41738499A00A31CE3 /* libopencv_contrib.dylib in Frameworks */ = {isa = PBXBuildFile; fileRef = 57D527931738499A00A31CE3 /* libopencv_contrib.dylib */; };
		57D527A51738499A00A31CE3 /* libopencv_core.dylib in Frameworks */ = {isa = PBXBuildFile; fileRef = 57D527941738499A00A31CE3 /* libopencv_core.dylib */; };
		57D527A61738499A00A31CE3 /* libopencv_features2d.dylib in Frameworks */ = {isa = PBXBuildFile; fileRef = 57D527951738499A00A31CE3 /* libopencv_features2d.dylib */; };
		57D527A71738499A00A31CE3 /* libopencv_flann.dylib in Frameworks */ = {isa = PBXBuildFile; fileRef = 57D527961738499A00A31CE3 /* libopencv_flann.dylib */; };
		57D527A81738499A00A31CE3 /* libopencv_gpu.dylib in Frameworks */ = {isa = PBXBuildFile; fileRef = 57D527971738499A00A31CE3 /* libopencv_gpu.dylib */; };
		57D527A91738499A00A31CE3 /* libopencv_highgui.dylib in Frameworks */ = {isa = PBXBuildFile; fileRef = 57D527981738499A00A31CE3 /* libopencv_highgui.dylib */; };
		57D527AA1738499A00A31CE3 /* libopencv_imgproc.dylib in Frameworks */ = {isa = PBXBuildFile; fileRef = 57D527991738499A00A31CE3 /* libopencv_imgproc.dylib */; };
		57D527AB1738499A00A31CE3 /* libopencv_legacy.dylib in Frameworks */ = {isa = PBXBuildFile; fileRef = 57D5279A1738499A00A31CE3 /* libopencv_legacy.dylib */; };
		57D527AC1738499A00A31CE3 /* libopencv_ml.dylib in Frameworks */ = {isa = PBXBuildFile; fileRef = 57D5279B1738499A00A31CE3 /* libopencv_ml.dylib */; };
		57D527AD1738499A00A31CE3 /* libopencv_nonfree.dylib in Frameworks */ = {isa = PBXBuildFile; fileRef = 57D5279C1738499A00A31CE3 /* libopencv_nonfree.dylib */; };
		57D527AE1738499A00A31CE3 /* libopencv_objdetect.dylib in Frameworks */ = {isa = PBXBuildFile; fileRef = 57D5279D1738499A00A31CE3 /* libopencv_objdetect.dylib */; };
		57D527AF1738499A00A31CE3 /* libopencv_photo.dylib in Frameworks */ = {isa = PBXBuildFile; fileRef = 57D5279E1738499A00A31CE3 /* libopencv_photo.dylib */; };
		57D527B01738499A00A31CE3 /* libopencv_stitching.dylib in Frameworks */ = {isa = PBXBuildFile; fileRef = 57D5279F1738499A00A31CE3 /* libopencv_stitching.dylib */; };
		57D527B11738499A00A31CE3 /* libopencv_ts.dylib in Frameworks */ = {isa = PBXBuildFile; fileRef = 57D527A01738499A00A31CE3 /* libopencv_ts.dylib */; };
		57D527B21738499A00A31CE3 /* libopencv_video.dylib in Frameworks */ = {isa = PBXBuildFile; fileRef = 57D527A11738499A00A31CE3 /* libopencv_video.dylib */; };
		57D527B31738499A00A31CE3 /* libopencv_videostab.dylib in Frameworks */ = {isa = PBXBuildFile; fileRef = 57D527A21738499A00A31CE3 /* libopencv_videostab.dylib */; };
		5D0D146A175CCFC70082F2C1 /* Position.cpp in Sources */ = {isa = PBXBuildFile; fileRef = 5D0D1469175CCFC70082F2C1 /* Position.cpp */; };
/* End PBXBuildFile section */

/* Begin PBXCopyFilesBuildPhase section */
		57D5276717383F4100A31CE3 /* CopyFiles */ = {
			isa = PBXCopyFilesBuildPhase;
			buildActionMask = 2147483647;
			dstPath = /usr/share/man/man1/;
			dstSubfolderSpec = 0;
			files = (
				57D5276F17383F4100A31CE3 /* sokaris.1 in CopyFiles */,
			);
			runOnlyForDeploymentPostprocessing = 1;
		};
/* End PBXCopyFilesBuildPhase section */

/* Begin PBXFileReference section */
		5705A535175531930011F689 /* Interface.cpp */ = {isa = PBXFileReference; fileEncoding = 4; lastKnownFileType = sourcecode.cpp.cpp; path = Interface.cpp; sourceTree = SOURCE_ROOT; };
		5705A536175531930011F689 /* Interface.h */ = {isa = PBXFileReference; fileEncoding = 4; lastKnownFileType = sourcecode.c.h; path = Interface.h; sourceTree = SOURCE_ROOT; };
		572CDAC4175CD18500F2EB68 /* Position.h */ = {isa = PBXFileReference; lastKnownFileType = sourcecode.c.h; path = Position.h; sourceTree = SOURCE_ROOT; };
		5780D61A17535A2400CA8B89 /* findEyeCenter.cpp */ = {isa = PBXFileReference; lastKnownFileType = sourcecode.cpp.cpp; path = findEyeCenter.cpp; sourceTree = SOURCE_ROOT; };
		5780D61B17535A2400CA8B89 /* findEyeCenter.h */ = {isa = PBXFileReference; lastKnownFileType = sourcecode.c.h; path = findEyeCenter.h; sourceTree = SOURCE_ROOT; };
		5780D61C17535A2400CA8B89 /* findEyeCorner.cpp */ = {isa = PBXFileReference; lastKnownFileType = sourcecode.cpp.cpp; path = findEyeCorner.cpp; sourceTree = SOURCE_ROOT; };
		5780D61D17535A2400CA8B89 /* findEyeCorner.h */ = {isa = PBXFileReference; lastKnownFileType = sourcecode.c.h; path = findEyeCorner.h; sourceTree = SOURCE_ROOT; };
		5780D61E17535CBE00CA8B89 /* constants.h */ = {isa = PBXFileReference; lastKnownFileType = sourcecode.c.h; path = constants.h; sourceTree = SOURCE_ROOT; };
		5780D62117535EF700CA8B89 /* helpers.cpp */ = {isa = PBXFileReference; fileEncoding = 4; lastKnownFileType = sourcecode.cpp.cpp; path = helpers.cpp; sourceTree = SOURCE_ROOT; };
		5780D62217535EF700CA8B89 /* helpers.h */ = {isa = PBXFileReference; fileEncoding = 4; lastKnownFileType = sourcecode.c.h; path = helpers.h; sourceTree = SOURCE_ROOT; };
		57D5276917383F4100A31CE3 /* sokaris */ = {isa = PBXFileReference; explicitFileType = "compiled.mach-o.executable"; includeInIndex = 0; path = sokaris; sourceTree = BUILT_PRODUCTS_DIR; };
		57D5276E17383F4100A31CE3 /* sokaris.1 */ = {isa = PBXFileReference; lastKnownFileType = text.man; path = sokaris.1; sourceTree = SOURCE_ROOT; };
		57D5277517383FEB00A31CE3 /* main.cpp */ = {isa = PBXFileReference; fileEncoding = 4; lastKnownFileType = sourcecode.cpp.cpp; path = main.cpp; sourceTree = SOURCE_ROOT; };
		57D52777173840E400A31CE3 /* Map.cpp */ = {isa = PBXFileReference; fileEncoding = 4; lastKnownFileType = sourcecode.cpp.cpp; path = Map.cpp; sourceTree = SOURCE_ROOT; };
		57D52778173840E400A31CE3 /* Map.h */ = {isa = PBXFileReference; fileEncoding = 4; lastKnownFileType = sourcecode.c.h; path = Map.h; sourceTree = SOURCE_ROOT; };
		57D5277B1738434400A31CE3 /* Camera.cpp */ = {isa = PBXFileReference; fileEncoding = 4; lastKnownFileType = sourcecode.cpp.cpp; path = Camera.cpp; sourceTree = SOURCE_ROOT; };
		57D5277C1738434400A31CE3 /* Camera.h */ = {isa = PBXFileReference; fileEncoding = 4; lastKnownFileType = sourcecode.c.h; path = Camera.h; sourceTree = SOURCE_ROOT; };
		57D5277E1738439D00A31CE3 /* Flux.cpp */ = {isa = PBXFileReference; fileEncoding = 4; lastKnownFileType = sourcecode.cpp.cpp; path = Flux.cpp; sourceTree = SOURCE_ROOT; };
		57D5277F1738439D00A31CE3 /* Flux.h */ = {isa = PBXFileReference; fileEncoding = 4; lastKnownFileType = sourcecode.c.h; path = Flux.h; sourceTree = SOURCE_ROOT; };
		57D52781173843FB00A31CE3 /* Picture.cpp */ = {isa = PBXFileReference; fileEncoding = 4; lastKnownFileType = sourcecode.cpp.cpp; path = Picture.cpp; sourceTree = SOURCE_ROOT; };
		57D52782173843FB00A31CE3 /* Picture.h */ = {isa = PBXFileReference; fileEncoding = 4; lastKnownFileType = sourcecode.c.h; path = Picture.h; sourceTree = SOURCE_ROOT; };
		57D52784173845EF00A31CE3 /* Person.cpp */ = {isa = PBXFileReference; fileEncoding = 4; lastKnownFileType = sourcecode.cpp.cpp; path = Person.cpp; sourceTree = SOURCE_ROOT; };
		57D52785173845EF00A31CE3 /* Person.h */ = {isa = PBXFileReference; fileEncoding = 4; lastKnownFileType = sourcecode.c.h; path = Person.h; sourceTree = SOURCE_ROOT; };
		57D527871738468900A31CE3 /* Gaze.cpp */ = {isa = PBXFileReference; fileEncoding = 4; lastKnownFileType = sourcecode.cpp.cpp; path = Gaze.cpp; sourceTree = SOURCE_ROOT; };
		57D527881738468900A31CE3 /* Gaze.h */ = {isa = PBXFileReference; fileEncoding = 4; lastKnownFileType = sourcecode.c.h; path = Gaze.h; sourceTree = SOURCE_ROOT; };
		57D5278A173846C600A31CE3 /* Process.cpp */ = {isa = PBXFileReference; fileEncoding = 4; lastKnownFileType = sourcecode.cpp.cpp; path = Process.cpp; sourceTree = SOURCE_ROOT; };
		57D5278B173846C700A31CE3 /* Process.h */ = {isa = PBXFileReference; fileEncoding = 4; lastKnownFileType = sourcecode.c.h; path = Process.h; sourceTree = SOURCE_ROOT; };
		57D5278D173846E300A31CE3 /* Test.cpp */ = {isa = PBXFileReference; fileEncoding = 4; lastKnownFileType = sourcecode.cpp.cpp; path = Test.cpp; sourceTree = SOURCE_ROOT; };
		57D5278E173846E300A31CE3 /* Test.h */ = {isa = PBXFileReference; fileEncoding = 4; lastKnownFileType = sourcecode.c.h; path = Test.h; sourceTree = SOURCE_ROOT; };
		57D527921738499A00A31CE3 /* libopencv_calib3d.dylib */ = {isa = PBXFileReference; lastKnownFileType = "compiled.mach-o.dylib"; name = libopencv_calib3d.dylib; path = /usr/local/lib/libopencv_calib3d.dylib; sourceTree = "<absolute>"; };
		57D527931738499A00A31CE3 /* libopencv_contrib.dylib */ = {isa = PBXFileReference; lastKnownFileType = "compiled.mach-o.dylib"; name = libopencv_contrib.dylib; path = /usr/local/lib/libopencv_contrib.dylib; sourceTree = "<absolute>"; };
		57D527941738499A00A31CE3 /* libopencv_core.dylib */ = {isa = PBXFileReference; lastKnownFileType = "compiled.mach-o.dylib"; name = libopencv_core.dylib; path = /usr/local/lib/libopencv_core.dylib; sourceTree = "<absolute>"; };
		57D527951738499A00A31CE3 /* libopencv_features2d.dylib */ = {isa = PBXFileReference; lastKnownFileType = "compiled.mach-o.dylib"; name = libopencv_features2d.dylib; path = /usr/local/lib/libopencv_features2d.dylib; sourceTree = "<absolute>"; };
		57D527961738499A00A31CE3 /* libopencv_flann.dylib */ = {isa = PBXFileReference; lastKnownFileType = "compiled.mach-o.dylib"; name = libopencv_flann.dylib; path = /usr/local/lib/libopencv_flann.dylib; sourceTree = "<absolute>"; };
		57D527971738499A00A31CE3 /* libopencv_gpu.dylib */ = {isa = PBXFileReference; lastKnownFileType = "compiled.mach-o.dylib"; name = libopencv_gpu.dylib; path = /usr/local/lib/libopencv_gpu.dylib; sourceTree = "<absolute>"; };
		57D527981738499A00A31CE3 /* libopencv_highgui.dylib */ = {isa = PBXFileReference; lastKnownFileType = "compiled.mach-o.dylib"; name = libopencv_highgui.dylib; path = /usr/local/lib/libopencv_highgui.dylib; sourceTree = "<absolute>"; };
		57D527991738499A00A31CE3 /* libopencv_imgproc.dylib */ = {isa = PBXFileReference; lastKnownFileType = "compiled.mach-o.dylib"; name = libopencv_imgproc.dylib; path = /usr/local/lib/libopencv_imgproc.dylib; sourceTree = "<absolute>"; };
		57D5279A1738499A00A31CE3 /* libopencv_legacy.dylib */ = {isa = PBXFileReference; lastKnownFileType = "compiled.mach-o.dylib"; name = libopencv_legacy.dylib; path = /usr/local/lib/libopencv_legacy.dylib; sourceTree = "<absolute>"; };
		57D5279B1738499A00A31CE3 /* libopencv_ml.dylib */ = {isa = PBXFileReference; lastKnownFileType = "compiled.mach-o.dylib"; name = libopencv_ml.dylib; path = /usr/local/lib/libopencv_ml.dylib; sourceTree = "<absolute>"; };
		57D5279C1738499A00A31CE3 /* libopencv_nonfree.dylib */ = {isa = PBXFileReference; lastKnownFileType = "compiled.mach-o.dylib"; name = libopencv_nonfree.dylib; path = /usr/local/lib/libopencv_nonfree.dylib; sourceTree = "<absolute>"; };
		57D5279D1738499A00A31CE3 /* libopencv_objdetect.dylib */ = {isa = PBXFileReference; lastKnownFileType = "compiled.mach-o.dylib"; name = libopencv_objdetect.dylib; path = /usr/local/lib/libopencv_objdetect.dylib; sourceTree = "<absolute>"; };
		57D5279E1738499A00A31CE3 /* libopencv_photo.dylib */ = {isa = PBXFileReference; lastKnownFileType = "compiled.mach-o.dylib"; name = libopencv_photo.dylib; path = /usr/local/lib/libopencv_photo.dylib; sourceTree = "<absolute>"; };
		57D5279F1738499A00A31CE3 /* libopencv_stitching.dylib */ = {isa = PBXFileReference; lastKnownFileType = "compiled.mach-o.dylib"; name = libopencv_stitching.dylib; path = /usr/local/lib/libopencv_stitching.dylib; sourceTree = "<absolute>"; };
		57D527A01738499A00A31CE3 /* libopencv_ts.dylib */ = {isa = PBXFileReference; lastKnownFileType = "compiled.mach-o.dylib"; name = libopencv_ts.dylib; path = /usr/local/lib/libopencv_ts.dylib; sourceTree = "<absolute>"; };
		57D527A11738499A00A31CE3 /* libopencv_video.dylib */ = {isa = PBXFileReference; lastKnownFileType = "compiled.mach-o.dylib"; name = libopencv_video.dylib; path = /usr/local/lib/libopencv_video.dylib; sourceTree = "<absolute>"; };
		57D527A21738499A00A31CE3 /* libopencv_videostab.dylib */ = {isa = PBXFileReference; lastKnownFileType = "compiled.mach-o.dylib"; name = libopencv_videostab.dylib; path = /usr/local/lib/libopencv_videostab.dylib; sourceTree = "<absolute>"; };
		5D0D1469175CCFC70082F2C1 /* Position.cpp */ = {isa = PBXFileReference; fileEncoding = 4; lastKnownFileType = sourcecode.cpp.cpp; path = Position.cpp; sourceTree = SOURCE_ROOT; };
/* End PBXFileReference section */

/* Begin PBXFrameworksBuildPhase section */
		57D5276617383F4100A31CE3 /* Frameworks */ = {
			isa = PBXFrameworksBuildPhase;
			buildActionMask = 2147483647;
			files = (
				57D527A31738499A00A31CE3 /* libopencv_calib3d.dylib in Frameworks */,
				57D527A41738499A00A31CE3 /* libopencv_contrib.dylib in Frameworks */,
				57D527A51738499A00A31CE3 /* libopencv_core.dylib in Frameworks */,
				57D527A61738499A00A31CE3 /* libopencv_features2d.dylib in Frameworks */,
				57D527A71738499A00A31CE3 /* libopencv_flann.dylib in Frameworks */,
				57D527A81738499A00A31CE3 /* libopencv_gpu.dylib in Frameworks */,
				57D527A91738499A00A31CE3 /* libopencv_highgui.dylib in Frameworks */,
				57D527AA1738499A00A31CE3 /* libopencv_imgproc.dylib in Frameworks */,
				57D527AB1738499A00A31CE3 /* libopencv_legacy.dylib in Frameworks */,
				57D527AC1738499A00A31CE3 /* libopencv_ml.dylib in Frameworks */,
				57D527AD1738499A00A31CE3 /* libopencv_nonfree.dylib in Frameworks */,
				57D527AE1738499A00A31CE3 /* libopencv_objdetect.dylib in Frameworks */,
				57D527AF1738499A00A31CE3 /* libopencv_photo.dylib in Frameworks */,
				57D527B01738499A00A31CE3 /* libopencv_stitching.dylib in Frameworks */,
				57D527B11738499A00A31CE3 /* libopencv_ts.dylib in Frameworks */,
				57D527B21738499A00A31CE3 /* libopencv_video.dylib in Frameworks */,
				57D527B31738499A00A31CE3 /* libopencv_videostab.dylib in Frameworks */,
			);
			runOnlyForDeploymentPostprocessing = 0;
		};
/* End PBXFrameworksBuildPhase section */

/* Begin PBXGroup section */
		57D5276017383F4100A31CE3 = {
			isa = PBXGroup;
			children = (
				57D527901738497700A31CE3 /* Frameworks */,
				57D5276B17383F4100A31CE3 /* sokaris */,
				57D5276A17383F4100A31CE3 /* Products */,
			);
			sourceTree = "<group>";
		};
		57D5276A17383F4100A31CE3 /* Products */ = {
			isa = PBXGroup;
			children = (
				57D5276917383F4100A31CE3 /* sokaris */,
			);
			name = Products;
			sourceTree = "<group>";
		};
		57D5276B17383F4100A31CE3 /* sokaris */ = {
			isa = PBXGroup;
			children = (
				57D5277517383FEB00A31CE3 /* main.cpp */,
				57D5277A173842F600A31CE3 /* Classes */,
				57D5276E17383F4100A31CE3 /* sokaris.1 */,
			);
			path = sokaris;
			sourceTree = "<group>";
		};
		57D5277A173842F600A31CE3 /* Classes */ = {
			isa = PBXGroup;
			children = (
				5705A535175531930011F689 /* Interface.cpp */,
				5705A536175531930011F689 /* Interface.h */,
				57D52777173840E400A31CE3 /* Map.cpp */,
				57D52778173840E400A31CE3 /* Map.h */,
				57D5277B1738434400A31CE3 /* Camera.cpp */,
				57D5277C1738434400A31CE3 /* Camera.h */,
				57D5277E1738439D00A31CE3 /* Flux.cpp */,
				57D5277F1738439D00A31CE3 /* Flux.h */,
				57D52781173843FB00A31CE3 /* Picture.cpp */,
				57D52782173843FB00A31CE3 /* Picture.h */,
				5D0D1469175CCFC70082F2C1 /* Position.cpp */,
				572CDAC4175CD18500F2EB68 /* Position.h */,
				57D52784173845EF00A31CE3 /* Person.cpp */,
				57D52785173845EF00A31CE3 /* Person.h */,
				57D527871738468900A31CE3 /* Gaze.cpp */,
				57D527881738468900A31CE3 /* Gaze.h */,
				57D5278A173846C600A31CE3 /* Process.cpp */,
				57D5278B173846C700A31CE3 /* Process.h */,
				57D5278D173846E300A31CE3 /* Test.cpp */,
				57D5278E173846E300A31CE3 /* Test.h */,
				5780D61A17535A2400CA8B89 /* findEyeCenter.cpp */,
				5780D61B17535A2400CA8B89 /* findEyeCenter.h */,
				5780D61C17535A2400CA8B89 /* findEyeCorner.cpp */,
				5780D61D17535A2400CA8B89 /* findEyeCorner.h */,
				5780D62117535EF700CA8B89 /* helpers.cpp */,
				5780D62217535EF700CA8B89 /* helpers.h */,
				5780D61E17535CBE00CA8B89 /* constants.h */,
			);
			name = Classes;
			sourceTree = "<group>";
		};
		57D527901738497700A31CE3 /* Frameworks */ = {
			isa = PBXGroup;
			children = (
				57D527911738497E00A31CE3 /* OpenCV Framework */,
			);
			name = Frameworks;
			sourceTree = "<group>";
		};
		57D527911738497E00A31CE3 /* OpenCV Framework */ = {
			isa = PBXGroup;
			children = (
				57F4C11F173851E900F73EE6 /* lib */,
			);
			name = "OpenCV Framework";
			sourceTree = "<group>";
		};
		57F4C11F173851E900F73EE6 /* lib */ = {
			isa = PBXGroup;
			children = (
				57D527921738499A00A31CE3 /* libopencv_calib3d.dylib */,
				57D527931738499A00A31CE3 /* libopencv_contrib.dylib */,
				57D527941738499A00A31CE3 /* libopencv_core.dylib */,
				57D527951738499A00A31CE3 /* libopencv_features2d.dylib */,
				57D527961738499A00A31CE3 /* libopencv_flann.dylib */,
				57D527971738499A00A31CE3 /* libopencv_gpu.dylib */,
				57D527981738499A00A31CE3 /* libopencv_highgui.dylib */,
				57D527991738499A00A31CE3 /* libopencv_imgproc.dylib */,
				57D5279A1738499A00A31CE3 /* libopencv_legacy.dylib */,
				57D5279B1738499A00A31CE3 /* libopencv_ml.dylib */,
				57D5279C1738499A00A31CE3 /* libopencv_nonfree.dylib */,
				57D5279D1738499A00A31CE3 /* libopencv_objdetect.dylib */,
				57D5279E1738499A00A31CE3 /* libopencv_photo.dylib */,
				57D5279F1738499A00A31CE3 /* libopencv_stitching.dylib */,
				57D527A01738499A00A31CE3 /* libopencv_ts.dylib */,
				57D527A11738499A00A31CE3 /* libopencv_video.dylib */,
				57D527A21738499A00A31CE3 /* libopencv_videostab.dylib */,
			);
			name = lib;
			sourceTree = "<group>";
		};
/* End PBXGroup section */

/* Begin PBXNativeTarget section */
		57D5276817383F4100A31CE3 /* sokaris */ = {
			isa = PBXNativeTarget;
			buildConfigurationList = 57D5277217383F4100A31CE3 /* Build configuration list for PBXNativeTarget "sokaris" */;
			buildPhases = (
				57D5276517383F4100A31CE3 /* Sources */,
				57D5276617383F4100A31CE3 /* Frameworks */,
				57D5276717383F4100A31CE3 /* CopyFiles */,
			);
			buildRules = (
			);
			dependencies = (
			);
			name = sokaris;
			productName = sokaris;
			productReference = 57D5276917383F4100A31CE3 /* sokaris */;
			productType = "com.apple.product-type.tool";
		};
/* End PBXNativeTarget section */

/* Begin PBXProject section */
		57D5276117383F4100A31CE3 /* Project object */ = {
			isa = PBXProject;
			attributes = {
				LastUpgradeCheck = 0460;
				ORGANIZATIONNAME = "AKH Partners";
			};
			buildConfigurationList = 57D5276417383F4100A31CE3 /* Build configuration list for PBXProject "sokaris" */;
			compatibilityVersion = "Xcode 3.2";
			developmentRegion = English;
			hasScannedForEncodings = 0;
			knownRegions = (
				en,
			);
			mainGroup = 57D5276017383F4100A31CE3;
			productRefGroup = 57D5276A17383F4100A31CE3 /* Products */;
			projectDirPath = "";
			projectRoot = "";
			targets = (
				57D5276817383F4100A31CE3 /* sokaris */,
			);
		};
/* End PBXProject section */

/* Begin PBXSourcesBuildPhase section */
		57D5276517383F4100A31CE3 /* Sources */ = {
			isa = PBXSourcesBuildPhase;
			buildActionMask = 2147483647;
			files = (
				57D5277617383FEB00A31CE3 /* main.cpp in Sources */,
				57D52779173840E400A31CE3 /* Map.cpp in Sources */,
				57D5277D1738434400A31CE3 /* Camera.cpp in Sources */,
				57D527801738439D00A31CE3 /* Flux.cpp in Sources */,
				57D52783173843FB00A31CE3 /* Picture.cpp in Sources */,
				57D52786173845EF00A31CE3 /* Person.cpp in Sources */,
				57D527891738468900A31CE3 /* Gaze.cpp in Sources */,
				57D5278C173846C700A31CE3 /* Process.cpp in Sources */,
				57D5278F173846E300A31CE3 /* Test.cpp in Sources */,
				5780D61F17535EAC00CA8B89 /* findEyeCenter.cpp in Sources */,
				5780D62017535EB000CA8B89 /* findEyeCorner.cpp in Sources */,
				5780D62317535EF700CA8B89 /* helpers.cpp in Sources */,
				5705A537175531930011F689 /* Interface.cpp in Sources */,
				5D0D146A175CCFC70082F2C1 /* Position.cpp in Sources */,
			);
			runOnlyForDeploymentPostprocessing = 0;
		};
/* End PBXSourcesBuildPhase section */

/* Begin XCBuildConfiguration section */
		57D5277017383F4100A31CE3 /* Debug */ = {
			isa = XCBuildConfiguration;
			buildSettings = {
				ALWAYS_SEARCH_USER_PATHS = NO;
				ARCHS = "$(ARCHS_STANDARD_64_BIT)";
				CLANG_CXX_LANGUAGE_STANDARD = "gnu++0x";
				CLANG_CXX_LIBRARY = "libc++";
				CLANG_WARN_CONSTANT_CONVERSION = YES;
				CLANG_WARN_EMPTY_BODY = YES;
				CLANG_WARN_ENUM_CONVERSION = YES;
				CLANG_WARN_INT_CONVERSION = YES;
				CLANG_WARN__DUPLICATE_METHOD_MATCH = YES;
				COPY_PHASE_STRIP = NO;
				GCC_C_LANGUAGE_STANDARD = gnu99;
				GCC_DYNAMIC_NO_PIC = NO;
				GCC_ENABLE_OBJC_EXCEPTIONS = YES;
				GCC_OPTIMIZATION_LEVEL = 0;
				GCC_PREPROCESSOR_DEFINITIONS = (
					"DEBUG=1",
					"$(inherited)",
				);
				GCC_SYMBOLS_PRIVATE_EXTERN = NO;
				GCC_WARN_64_TO_32_BIT_CONVERSION = YES;
				GCC_WARN_ABOUT_RETURN_TYPE = YES;
				GCC_WARN_UNINITIALIZED_AUTOS = YES;
				GCC_WARN_UNUSED_VARIABLE = YES;
				MACOSX_DEPLOYMENT_TARGET = 10.8;
				ONLY_ACTIVE_ARCH = YES;
				SDKROOT = macosx;
			};
			name = Debug;
		};
		57D5277117383F4100A31CE3 /* Release */ = {
			isa = XCBuildConfiguration;
			buildSettings = {
				ALWAYS_SEARCH_USER_PATHS = NO;
				ARCHS = "$(ARCHS_STANDARD_64_BIT)";
				CLANG_CXX_LANGUAGE_STANDARD = "gnu++0x";
				CLANG_CXX_LIBRARY = "libc++";
				CLANG_WARN_CONSTANT_CONVERSION = YES;
				CLANG_WARN_EMPTY_BODY = YES;
				CLANG_WARN_ENUM_CONVERSION = YES;
				CLANG_WARN_INT_CONVERSION = YES;
				CLANG_WARN__DUPLICATE_METHOD_MATCH = YES;
				COPY_PHASE_STRIP = YES;
				DEBUG_INFORMATION_FORMAT = "dwarf-with-dsym";
				GCC_C_LANGUAGE_STANDARD = gnu99;
				GCC_ENABLE_OBJC_EXCEPTIONS = YES;
				GCC_WARN_64_TO_32_BIT_CONVERSION = YES;
				GCC_WARN_ABOUT_RETURN_TYPE = YES;
				GCC_WARN_UNINITIALIZED_AUTOS = YES;
				GCC_WARN_UNUSED_VARIABLE = YES;
				MACOSX_DEPLOYMENT_TARGET = 10.8;
				SDKROOT = macosx;
			};
			name = Release;
		};
		57D5277317383F4100A31CE3 /* Debug */ = {
			isa = XCBuildConfiguration;
			buildSettings = {
				GCC_VERSION = com.apple.compilers.llvmgcc42;
				HEADER_SEARCH_PATHS = /usr/local/include;
				LIBRARY_SEARCH_PATHS = /usr/local/lib;
				PRODUCT_NAME = "$(TARGET_NAME)";
			};
			name = Debug;
		};
		57D5277417383F4100A31CE3 /* Release */ = {
			isa = XCBuildConfiguration;
			buildSettings = {
				GCC_VERSION = com.apple.compilers.llvmgcc42;
				HEADER_SEARCH_PATHS = /usr/local/include;
				LIBRARY_SEARCH_PATHS = /usr/local/lib;
				PRODUCT_NAME = "$(TARGET_NAME)";
			};
			name = Release;
		};
/* End XCBuildConfiguration section */

/* Begin XCConfigurationList section */
		57D5276417383F4100A31CE3 /* Build configuration list for PBXProject "sokaris" */ = {
			isa = XCConfigurationList;
			buildConfigurations = (
				57D5277017383F4100A31CE3 /* Debug */,
				57D5277117383F4100A31CE3 /* Release */,
			);
			defaultConfigurationIsVisible = 0;
			defaultConfigurationName = Release;
		};
		57D5277217383F4100A31CE3 /* Build configuration list for PBXNativeTarget "sokaris" */ = {
			isa = XCConfigurationList;
			buildConfigurations = (
				57D5277317383F4100A31CE3 /* Debug */,
				57D5277417383F4100A31CE3 /* Release */,
			);
			defaultConfigurationIsVisible = 0;
			defaultConfigurationName = Release;
		};
/* End XCConfigurationList section */
	};
	rootObject = 57D5276117383F4100A31CE3 /* Project object */;
}
